DEPENDENCIES
  application (~> 5.2.0)
  application_git (~> 1.1.0)
  application_ruby (~> 4.1.0)
  apt (~> 6.1.4)
  ark (~> 3.1.0)
  build-essential (~> 8.0.3)
  chef_client_updater (~> 3.0.4)
  chef_nginx (~> 6.2.0)
  database (~> 6.1.1)
  firewall (~> 2.6.2)
  git (~> 8.0.0)
  hostname (~> 0.4.2)
  logrotate (~> 2.2.0)
  mediawiki
    git: https://github.com/67P/mediawiki-cookbook.git
    revision: d96a886e554e338e982e82c2502701d8e40fa55d
    ref: nginx
  mysql (~> 8.5.1)
  mysql2_chef_gem
  ntp (~> 3.5.2)
  ohai (~> 5.2.0)
  openssl (~> 7.1.0)
  php (~> 4.5.0)
  php-fpm (~> 0.8.0)
  poise (~> 2.8.1)
  poise-javascript (~> 1.2.0)
  poise-languages (~> 2.1.1)
  poise-ruby (~> 2.3.0)
  postfix (~> 5.1.1)
  postgresql (~> 6.1.1)
  redisio
    git: https://github.com/5apps-caboose/redisio.git
    revision: 8ff9b875048dde581c6908228cf48e1e815128a8
    ref: leaprai
  seven_zip (~> 2.0.2)
  sudo (~> 3.5.3)
  timezone_iii (~> 1.0.4)
  unattended-upgrades (~> 0.1.2)
  users (~> 5.1.0)

GRAPH
  apache2 (5.0.1)
  application (5.2.0)
    poise (~> 2.4)
    poise-service (~> 1.0)
  application_git (1.1.0)
    application (~> 5.0)
    git (>= 0.0.0)
    poise (~> 2.0)
  application_ruby (4.1.0)
    application (~> 5.0)
    poise (~> 2.0)
    poise-ruby (~> 2.1)
    poise-service (~> 1.0)
  apt (6.1.4)
  ark (3.1.0)
    build-essential (>= 0.0.0)
    seven_zip (>= 0.0.0)
    windows (>= 0.0.0)
  build-essential (8.0.3)
    mingw (>= 1.1)
    seven_zip (>= 0.0.0)
  chef-sugar (3.4.0)
  chef_client_updater (3.0.4)
  chef_nginx (6.2.0)
    build-essential (>= 0.0.0)
    compat_resource (>= 12.16.3)
    ohai (>= 4.1.0)
    yum-epel (>= 0.0.0)
    zypper (>= 0.0.0)
  compat_resource (12.19.0)
  database (6.1.1)
    postgresql (>= 1.0.0)
  firewall (2.6.2)
    chef-sugar (>= 0.0.0)
  git (8.0.0)
    build-essential (>= 0.0.0)
    homebrew (>= 0.0.0)
  homebrew (4.2.0)
  hostname (0.4.2)
    hostsfile (>= 0.0.0)
  hostsfile (3.0.1)
  inifile_chef_gem (0.1.0)
    build-essential (>= 0.0.0)
  logrotate (2.2.0)
  mariadb (1.5.1)
    apt (>= 0.0.0)
    build-essential (>= 0.0.0)
    selinux_policy (~> 2.0)
    yum (>= 0.0.0)
    yum-epel (>= 0.0.0)
    yum-scl (>= 0.0.0)
  mediawiki (0.3.0)
    apache2 (>= 0.0.0)
    chef_nginx (>= 0.0.0)
    database (>= 0.0.0)
    mysql (>= 0.0.0)
    mysql2_chef_gem (>= 0.0.0)
    php (>= 0.0.0)
    php-fpm (>= 0.0.0)
  mingw (2.0.1)
    seven_zip (>= 0.0.0)
  mysql (8.5.1)
  mysql2_chef_gem (2.1.0)
    build-essential (>= 2.4.0)
    mariadb (>= 0.0.0)
    mysql (>= 8.2.0)
  ntp (3.5.2)
  ohai (5.2.0)
  openssl (7.1.0)
  php (4.5.0)
    build-essential (>= 0.0.0)
    mysql (>= 6.0.0)
    yum-epel (>= 0.0.0)
  php-fpm (0.8.0)
  poise (2.8.1)
  poise-archive (1.5.0)
    poise (~> 2.6)
  poise-javascript (1.2.0)
    poise (~> 2.0)
    poise-languages (~> 2.0)
  poise-languages (2.1.1)
    poise (~> 2.5)
    poise-archive (~> 1.0)
  poise-ruby (2.3.0)
    poise (~> 2.0)
    poise-languages (~> 2.0)
  poise-service (1.5.2)
    poise (~> 2.0)
  postfix (5.1.1)
  postgresql (6.1.1)
    build-essential (>= 2.0.0)
    compat_resource (>= 12.16.3)
    openssl (>= 4.0)
  redisio (2.6.2)
    build-essential (>= 0.0.0)
    selinux_policy (>= 0.0.0)
    ulimit (>= 0.1.2)
  selinux_policy (2.0.1)
    compat_resource (>= 12.16.3)
  seven_zip (2.0.2)
    windows (>= 1.2.2)
  sudo (3.5.3)
  timezone_iii (1.0.4)
  ulimit (0.4.0)
  unattended-upgrades (0.1.2)
    apt (>= 0.0.0)
  users (5.1.0)
  windows (3.1.2)
    ohai (>= 4.0.0)
  yum (5.0.1)
  yum-epel (2.1.2)
    compat_resource (>= 12.16.3)
  yum-scl (0.2.0)
    inifile_chef_gem (>= 0.0.0)
    yum (>= 0.0.0)
  zypper (0.4.0)
